
Microsoft Visual Studio Solution File, Format Version 12.00
# Visual Studio Version 17
VisualStudioVersion = 17.11.35431.28
MinimumVisualStudioVersion = 10.0.40219.1
Project("{FAE04EC0-301F-11D3-BF4B-00C04F79EFBC}") = "Sales management system", "Sales management system\Sales management system.csproj", "{83410D51-B979-4717-8512-F87E2DDFC9FB}"
EndProject
Global
	GlobalSection(SolutionConfigurationPlatforms) = preSolution
		Debug|Any CPU = Debug|Any CPU
		Release|Any CPU = Release|Any CPU
	EndGlobalSection
	GlobalSection(ProjectConfigurationPlatforms) = postSolution
		{83410D51-B979-4717-8512-F87E2DDFC9FB}.Debug|Any CPU.ActiveCfg = Debug|Any CPU
		{83410D51-B979-4717-8512-F87E2DDFC9FB}.Debug|Any CPU.Build.0 = Debug|Any CPU
		{83410D51-B979-4717-8512-F87E2DDFC9FB}.Release|Any CPU.ActiveCfg = Release|Any CPU
		{83410D51-B979-4717-8512-F87E2DDFC9FB}.Release|Any CPU.Build.0 = Release|Any CPU
	EndGlobalSection
	GlobalSection(SolutionProperties) = preSolution
		HideSolutionNode = FALSE
	EndGlobalSection
	GlobalSection(ExtensibilityGlobals) = postSolution
		SolutionGuid = {1072EDFB-E94E-408F-A9AD-83F4E779E96B}
	EndGlobalSection
EndGlobal
